
Microsoft Visual Studio Solution File, Format Version 12.00
# Visual Studio Version 17
VisualStudioVersion = 17.5.33516.290
MinimumVisualStudioVersion = 10.0.40219.1
Project("{9A19103F-16F7-4668-BE54-9A1E7A4F7556}") = "HR_Haven", "HR_Haven\HR_Haven.csproj", "{691B42B4-E341-4465-8930-8416690B43E1}"
EndProject
Project("{FAE04EC0-301F-11D3-BF4B-00C04F79EFBC}") = "HR_Haven.Database", "ConsoleApp1\HR_Haven.Database.csproj", "{FD0F5AAD-D58A-4681-8A92-B2608887CE13}"
EndProject
Global
	GlobalSection(SolutionConfigurationPlatforms) = preSolution
		Debug|Any CPU = Debug|Any CPU
		Release|Any CPU = Release|Any CPU
	EndGlobalSection
	GlobalSection(ProjectConfigurationPlatforms) = postSolution
		{691B42B4-E341-4465-8930-8416690B43E1}.Debug|Any CPU.ActiveCfg = Debug|Any CPU
		{691B42B4-E341-4465-8930-8416690B43E1}.Debug|Any CPU.Build.0 = Debug|Any CPU
		{691B42B4-E341-4465-8930-8416690B43E1}.Release|Any CPU.ActiveCfg = Release|Any CPU
		{691B42B4-E341-4465-8930-8416690B43E1}.Release|Any CPU.Build.0 = Release|Any CPU
		{FD0F5AAD-D58A-4681-8A92-B2608887CE13}.Debug|Any CPU.ActiveCfg = Debug|Any CPU
		{FD0F5AAD-D58A-4681-8A92-B2608887CE13}.Debug|Any CPU.Build.0 = Debug|Any CPU
		{FD0F5AAD-D58A-4681-8A92-B2608887CE13}.Release|Any CPU.ActiveCfg = Release|Any CPU
		{FD0F5AAD-D58A-4681-8A92-B2608887CE13}.Release|Any CPU.Build.0 = Release|Any CPU
	EndGlobalSection
	GlobalSection(SolutionProperties) = preSolution
		HideSolutionNode = FALSE
	EndGlobalSection
	GlobalSection(ExtensibilityGlobals) = postSolution
		SolutionGuid = {0743F8D4-487D-4C3B-BE6A-DADB9368973E}
	EndGlobalSection
EndGlobal
